
Microsoft Visual Studio Solution File, Format Version 12.00
# Visual Studio Version 17
VisualStudioVersion = 17.0.32014.148
MinimumVisualStudioVersion = 10.0.40219.1
Project("{FAE04EC0-301F-11D3-BF4B-00C04F79EFBC}") = "AssetManager", "AssetManager\AssetManager.csproj", "{2182E3EA-5FA8-46D3-8FBD-FD64FE539616}"
EndProject
Project("{FAE04EC0-301F-11D3-BF4B-00C04F79EFBC}") = "AssetManager.Services", "AssetManager.Services\AssetManager.Services.csproj", "{FD7F252D-CFF0-4038-A40B-141E11BD06F3}"
EndProject
Project("{FAE04EC0-301F-11D3-BF4B-00C04F79EFBC}") = "AssetManager.Data", "AssetManager.Data\AssetManager.Data.csproj", "{A09AFD2B-D553-420F-A6A2-554C0D62225B}"
EndProject
Global
	GlobalSection(SolutionConfigurationPlatforms) = preSolution
		Debug|Any CPU = Debug|Any CPU
		Release|Any CPU = Release|Any CPU
	EndGlobalSection
	GlobalSection(ProjectConfigurationPlatforms) = postSolution
		{2182E3EA-5FA8-46D3-8FBD-FD64FE539616}.Debug|Any CPU.ActiveCfg = Debug|Any CPU
		{2182E3EA-5FA8-46D3-8FBD-FD64FE539616}.Debug|Any CPU.Build.0 = Debug|Any CPU
		{2182E3EA-5FA8-46D3-8FBD-FD64FE539616}.Release|Any CPU.ActiveCfg = Release|Any CPU
		{2182E3EA-5FA8-46D3-8FBD-FD64FE539616}.Release|Any CPU.Build.0 = Release|Any CPU
		{FD7F252D-CFF0-4038-A40B-141E11BD06F3}.Debug|Any CPU.ActiveCfg = Debug|Any CPU
		{FD7F252D-CFF0-4038-A40B-141E11BD06F3}.Debug|Any CPU.Build.0 = Debug|Any CPU
		{FD7F252D-CFF0-4038-A40B-141E11BD06F3}.Release|Any CPU.ActiveCfg = Release|Any CPU
		{FD7F252D-CFF0-4038-A40B-141E11BD06F3}.Release|Any CPU.Build.0 = Release|Any CPU
		{A09AFD2B-D553-420F-A6A2-554C0D62225B}.Debug|Any CPU.ActiveCfg = Debug|Any CPU
		{A09AFD2B-D553-420F-A6A2-554C0D62225B}.Debug|Any CPU.Build.0 = Debug|Any CPU
		{A09AFD2B-D553-420F-A6A2-554C0D62225B}.Release|Any CPU.ActiveCfg = Release|Any CPU
		{A09AFD2B-D553-420F-A6A2-554C0D62225B}.Release|Any CPU.Build.0 = Release|Any CPU
	EndGlobalSection
	GlobalSection(SolutionProperties) = preSolution
		HideSolutionNode = FALSE
	EndGlobalSection
	GlobalSection(ExtensibilityGlobals) = postSolution
		SolutionGuid = {1705E5DF-7BEC-4FAB-B170-7C13891EE06D}
	EndGlobalSection
EndGlobal
